
Microsoft Visual Studio Solution File, Format Version 12.00
# Visual Studio Version 17
VisualStudioVersion = 17.0.31903.59
MinimumVisualStudioVersion = 10.0.40219.1
Project("{2150E333-8FDC-42A3-9474-1A3956D46DE8}") = "src", "src", "{DAD09FE7-A7D6-430C-9D92-F787A0757706}"
EndProject
Project("{FAE04EC0-301F-11D3-BF4B-00C04F79EFBC}") = "ConfigurationReader", "src\ConfigurationReader\ConfigurationReader.csproj", "{D7957C17-75DA-4707-B418-5DFBFB714A3F}"
EndProject
Project("{FAE04EC0-301F-11D3-BF4B-00C04F79EFBC}") = "ConfigurationAdmin", "src\ConfigurationAdmin\ConfigurationAdmin.csproj", "{3FA1DEBF-EA11-4B78-8033-5D8C2C7C7C68}"
EndProject
Project("{2150E333-8FDC-42A3-9474-1A3956D46DE8}") = "tests", "tests", "{45C54299-0289-46EA-8106-A38F186A2F33}"
EndProject
Project("{FAE04EC0-301F-11D3-BF4B-00C04F79EFBC}") = "ConfigurationReader.Tests", "tests\ConfigurationReader.Tests\ConfigurationReader.Tests.csproj", "{7173EBA2-831F-49B2-BF96-E1E506D11A0D}"
EndProject
Global
	GlobalSection(SolutionConfigurationPlatforms) = preSolution
		Debug|Any CPU = Debug|Any CPU
		Release|Any CPU = Release|Any CPU
	EndGlobalSection
	GlobalSection(SolutionProperties) = preSolution
		HideSolutionNode = FALSE
	EndGlobalSection
	GlobalSection(ProjectConfigurationPlatforms) = postSolution
		{D7957C17-75DA-4707-B418-5DFBFB714A3F}.Debug|Any CPU.ActiveCfg = Debug|Any CPU
		{D7957C17-75DA-4707-B418-5DFBFB714A3F}.Debug|Any CPU.Build.0 = Debug|Any CPU
		{D7957C17-75DA-4707-B418-5DFBFB714A3F}.Release|Any CPU.ActiveCfg = Release|Any CPU
		{D7957C17-75DA-4707-B418-5DFBFB714A3F}.Release|Any CPU.Build.0 = Release|Any CPU
		{3FA1DEBF-EA11-4B78-8033-5D8C2C7C7C68}.Debug|Any CPU.ActiveCfg = Debug|Any CPU
		{3FA1DEBF-EA11-4B78-8033-5D8C2C7C7C68}.Debug|Any CPU.Build.0 = Debug|Any CPU
		{3FA1DEBF-EA11-4B78-8033-5D8C2C7C7C68}.Release|Any CPU.ActiveCfg = Release|Any CPU
		{3FA1DEBF-EA11-4B78-8033-5D8C2C7C7C68}.Release|Any CPU.Build.0 = Release|Any CPU
		{7173EBA2-831F-49B2-BF96-E1E506D11A0D}.Debug|Any CPU.ActiveCfg = Debug|Any CPU
		{7173EBA2-831F-49B2-BF96-E1E506D11A0D}.Debug|Any CPU.Build.0 = Debug|Any CPU
		{7173EBA2-831F-49B2-BF96-E1E506D11A0D}.Release|Any CPU.ActiveCfg = Release|Any CPU
		{7173EBA2-831F-49B2-BF96-E1E506D11A0D}.Release|Any CPU.Build.0 = Release|Any CPU
	EndGlobalSection
	GlobalSection(NestedProjects) = preSolution
		{D7957C17-75DA-4707-B418-5DFBFB714A3F} = {DAD09FE7-A7D6-430C-9D92-F787A0757706}
		{3FA1DEBF-EA11-4B78-8033-5D8C2C7C7C68} = {DAD09FE7-A7D6-430C-9D92-F787A0757706}
		{7173EBA2-831F-49B2-BF96-E1E506D11A0D} = {45C54299-0289-46EA-8106-A38F186A2F33}
	EndGlobalSection
EndGlobal
